// !$*UTF8*$!
{
	archiveVersion = 1;
	classes = {
	};
	objectVersion = 46;
	objects = {

/* Begin PBXBuildFile section */
		883BFDF01E58553300529577 /* main.m in Sources */ = {isa = PBXBuildFile; fileRef = 883BFDEF1E58553300529577 /* main.m */; };
		883BFDF31E58553300529577 /* AppDelegate.m in Sources */ = {isa = PBXBuildFile; fileRef = 883BFDF21E58553300529577 /* AppDelegate.m */; };
		883BFDF61E58553300529577 /* ViewController.m in Sources */ = {isa = PBXBuildFile; fileRef = 883BFDF51E58553300529577 /* ViewController.m */; };
		883BFDF91E58553300529577 /* Main.storyboard in Resources */ = {isa = PBXBuildFile; fileRef = 883BFDF71E58553300529577 /* Main.storyboard */; };
		883BFDFB1E58553300529577 /* Assets.xcassets in Resources */ = {isa = PBXBuildFile; fileRef = 883BFDFA1E58553300529577 /* Assets.xcassets */; };
		883BFDFE1E58553300529577 /* LaunchScreen.storyboard in Resources */ = {isa = PBXBuildFile; fileRef = 883BFDFC1E58553300529577 /* LaunchScreen.storyboard */; };
		883BFE081E5856DE00529577 /* LocationPickerViewController.m in Sources */ = {isa = PBXBuildFile; fileRef = 883BFE051E5856DE00529577 /* LocationPickerViewController.m */; };
		883BFE091E5856DE00529577 /* LocationPickerViewController.xib in Resources */ = {isa = PBXBuildFile; fileRef = 883BFE061E5856DE00529577 /* LocationPickerViewController.xib */; };
		883BFE0D1E585B1200529577 /* pin.png in Resources */ = {isa = PBXBuildFile; fileRef = 883BFE0A1E585B1200529577 /* pin.png */; };
		883BFE0E1E585B1200529577 /* pin@2x.png in Resources */ = {isa = PBXBuildFile; fileRef = 883BFE0B1E585B1200529577 /* pin@2x.png */; };
		883BFE0F1E585B1200529577 /* pin@3x.png in Resources */ = {isa = PBXBuildFile; fileRef = 883BFE0C1E585B1200529577 /* pin@3x.png */; };
/* End PBXBuildFile section */

/* Begin PBXFileReference section */
		883BFDEB1E58553300529577 /* LocationPicker.app */ = {isa = PBXFileReference; explicitFileType = wrapper.application; includeInIndex = 0; path = LocationPicker.app; sourceTree = BUILT_PRODUCTS_DIR; };
		883BFDEF1E58553300529577 /* main.m */ = {isa = PBXFileReference; lastKnownFileType = sourcecode.c.objc; path = main.m; sourceTree = "<group>"; };
		883BFDF11E58553300529577 /* AppDelegate.h */ = {isa = PBXFileReference; lastKnownFileType = sourcecode.c.h; path = AppDelegate.h; sourceTree = "<group>"; };
		883BFDF21E58553300529577 /* AppDelegate.m */ = {isa = PBXFileReference; lastKnownFileType = sourcecode.c.objc; path = AppDelegate.m; sourceTree = "<group>"; };
		883BFDF41E58553300529577 /* ViewController.h */ = {isa = PBXFileReference; lastKnownFileType = sourcecode.c.h; path = ViewController.h; sourceTree = "<group>"; };
		883BFDF51E58553300529577 /* ViewController.m */ = {isa = PBXFileReference; lastKnownFileType = sourcecode.c.objc; path = ViewController.m; sourceTree = "<group>"; };
		883BFDF81E58553300529577 /* Base */ = {isa = PBXFileReference; lastKnownFileType = file.storyboard; name = Base; path = Base.lproj/Main.storyboard; sourceTree = "<group>"; };
		883BFDFA1E58553300529577 /* Assets.xcassets */ = {isa = PBXFileReference; lastKnownFileType = folder.assetcatalog; path = Assets.xcassets; sourceTree = "<group>"; };
		883BFDFD1E58553300529577 /* Base */ = {isa = PBXFileReference; lastKnownFileType = file.storyboard; name = Base; path = Base.lproj/LaunchScreen.storyboard; sourceTree = "<group>"; };
		883BFDFF1E58553400529577 /* Info.plist */ = {isa = PBXFileReference; lastKnownFileType = text.plist.xml; path = Info.plist; sourceTree = "<group>"; };
		883BFE051E5856DE00529577 /* LocationPickerViewController.m */ = {isa = PBXFileReference; fileEncoding = 4; lastKnownFileType = sourcecode.c.objc; path = LocationPickerViewController.m; sourceTree = "<group>"; };
		883BFE061E5856DE00529577 /* LocationPickerViewController.xib */ = {isa = PBXFileReference; fileEncoding = 4; lastKnownFileType = file.xib; path = LocationPickerViewController.xib; sourceTree = "<group>"; };
		883BFE071E5856DE00529577 /* LocationPickerViewController.h */ = {isa = PBXFileReference; fileEncoding = 4; lastKnownFileType = sourcecode.c.h; path = LocationPickerViewController.h; sourceTree = "<group>"; };
		883BFE0A1E585B1200529577 /* pin.png */ = {isa = PBXFileReference; lastKnownFileType = image.png; path = pin.png; sourceTree = "<group>"; };
		883BFE0B1E585B1200529577 /* pin@2x.png */ = {isa = PBXFileReference; lastKnownFileType = image.png; path = "pin@2x.png"; sourceTree = "<group>"; };
		883BFE0C1E585B1200529577 /* pin@3x.png */ = {isa = PBXFileReference; lastKnownFileType = image.png; path = "pin@3x.png"; sourceTree = "<group>"; };
/* End PBXFileReference section */

/* Begin PBXFrameworksBuildPhase section */
		883BFDE81E58553300529577 /* Frameworks */ = {
			isa = PBXFrameworksBuildPhase;
			buildActionMask = 2147483647;
			files = (
			);
			runOnlyForDeploymentPostprocessing = 0;
		};
/* End PBXFrameworksBuildPhase section */

/* Begin PBXGroup section */
		883BFDE21E58553300529577 = {
			isa = PBXGroup;
			children = (
				883BFDED1E58553300529577 /* LocationPicker */,
				883BFDEC1E58553300529577 /* Products */,
			);
			sourceTree = "<group>";
		};
		883BFDEC1E58553300529577 /* Products */ = {
			isa = PBXGroup;
			children = (
				883BFDEB1E58553300529577 /* LocationPicker.app */,
			);
			name = Products;
			sourceTree = "<group>";
		};
		883BFDED1E58553300529577 /* LocationPicker */ = {
			isa = PBXGroup;
			children = (
				883BFE0A1E585B1200529577 /* pin.png */,
				883BFE0B1E585B1200529577 /* pin@2x.png */,
				883BFE0C1E585B1200529577 /* pin@3x.png */,
				883BFE051E5856DE00529577 /* LocationPickerViewController.m */,
				883BFE061E5856DE00529577 /* LocationPickerViewController.xib */,
				883BFE071E5856DE00529577 /* LocationPickerViewController.h */,
				883BFDF11E58553300529577 /* AppDelegate.h */,
				883BFDF21E58553300529577 /* AppDelegate.m */,
				883BFDF41E58553300529577 /* ViewController.h */,
				883BFDF51E58553300529577 /* ViewController.m */,
				883BFDF71E58553300529577 /* Main.storyboard */,
				883BFDFA1E58553300529577 /* Assets.xcassets */,
				883BFDFC1E58553300529577 /* LaunchScreen.storyboard */,
				883BFDFF1E58553400529577 /* Info.plist */,
				883BFDEE1E58553300529577 /* Supporting Files */,
			);
			path = LocationPicker;
			sourceTree = "<group>";
		};
		883BFDEE1E58553300529577 /* Supporting Files */ = {
			isa = PBXGroup;
			children = (
				883BFDEF1E58553300529577 /* main.m */,
			);
			name = "Supporting Files";
			sourceTree = "<group>";
		};
/* End PBXGroup section */

/* Begin PBXNativeTarget section */
		883BFDEA1E58553300529577 /* LocationPicker */ = {
			isa = PBXNativeTarget;
			buildConfigurationList = 883BFE021E58553400529577 /* Build configuration list for PBXNativeTarget "LocationPicker" */;
			buildPhases = (
				883BFDE71E58553300529577 /* Sources */,
				883BFDE81E58553300529577 /* Frameworks */,
				883BFDE91E58553300529577 /* Resources */,
			);
			buildRules = (
			);
			dependencies = (
			);
			name = LocationPicker;
			productName = LocationPicker;
			productReference = 883BFDEB1E58553300529577 /* LocationPicker.app */;
			productType = "com.apple.product-type.application";
		};
/* End PBXNativeTarget section */

/* Begin PBXProject section */
		883BFDE31E58553300529577 /* Project object */ = {
			isa = PBXProject;
			attributes = {
				LastUpgradeCheck = 0800;
				ORGANIZATIONNAME = "vineet patidar";
				TargetAttributes = {
					883BFDEA1E58553300529577 = {
						CreatedOnToolsVersion = 8.0;
						DevelopmentTeam = 69RR73BBGB;
						ProvisioningStyle = Automatic;
					};
				};
			};
			buildConfigurationList = 883BFDE61E58553300529577 /* Build configuration list for PBXProject "LocationPicker" */;
			compatibilityVersion = "Xcode 3.2";
			developmentRegion = English;
			hasScannedForEncodings = 0;
			knownRegions = (
				en,
				Base,
			);
			mainGroup = 883BFDE21E58553300529577;
			productRefGroup = 883BFDEC1E58553300529577 /* Products */;
			projectDirPath = "";
			projectRoot = "";
			targets = (
				883BFDEA1E58553300529577 /* LocationPicker */,
			);
		};
/* End PBXProject section */

/* Begin PBXResourcesBuildPhase section */
		883BFDE91E58553300529577 /* Resources */ = {
			isa = PBXResourcesBuildPhase;
			buildActionMask = 2147483647;
			files = (
				883BFDFE1E58553300529577 /* LaunchScreen.storyboard in Resources */,
				883BFDFB1E58553300529577 /* Assets.xcassets in Resources */,
				883BFE0F1E585B1200529577 /* pin@3x.png in Resources */,
				883BFE0E1E585B1200529577 /* pin@2x.png in Resources */,
				883BFE091E5856DE00529577 /* LocationPickerViewController.xib in Resources */,
				883BFE0D1E585B1200529577 /* pin.png in Resources */,
				883BFDF91E58553300529577 /* Main.storyboard in Resources */,
			);
			runOnlyForDeploymentPostprocessing = 0;
		};
/* End PBXResourcesBuildPhase section */

/* Begin PBXSourcesBuildPhase section */
		883BFDE71E58553300529577 /* Sources */ = {
			isa = PBXSourcesBuildPhase;
			buildActionMask = 2147483647;
			files = (
				883BFDF61E58553300529577 /* ViewController.m in Sources */,
				883BFDF31E58553300529577 /* AppDelegate.m in Sources */,
				883BFDF01E58553300529577 /* main.m in Sources */,
				883BFE081E5856DE00529577 /* LocationPickerViewController.m in Sources */,
			);
			runOnlyForDeploymentPostprocessing = 0;
		};
/* End PBXSourcesBuildPhase section */

/* Begin PBXVariantGroup section */
		883BFDF71E58553300529577 /* Main.storyboard */ = {
			isa = PBXVariantGroup;
			children = (
				883BFDF81E58553300529577 /* Base */,
			);
			name = Main.storyboard;
			sourceTree = "<group>";
		};
		883BFDFC1E58553300529577 /* LaunchScreen.storyboard */ = {
			isa = PBXVariantGroup;
			children = (
				883BFDFD1E58553300529577 /* Base */,
			);
			name = LaunchScreen.storyboard;
			sourceTree = "<group>";
		};
/* End PBXVariantGroup section */

/* Begin XCBuildConfiguration section */
		883BFE001E58553400529577 /* Debug */ = {
			isa = XCBuildConfiguration;
			buildSettings = {
				ALWAYS_SEARCH_USER_PATHS = NO;
				CLANG_ANALYZER_NONNULL = YES;
				CLANG_CXX_LANGUAGE_STANDARD = "gnu++0x";
				CLANG_CXX_LIBRARY = "libc++";
				CLANG_ENABLE_MODULES = YES;
				CLANG_ENABLE_OBJC_ARC = YES;
				CLANG_WARN_BOOL_CONVERSION = YES;
				CLANG_WARN_CONSTANT_CONVERSION = YES;
				CLANG_WARN_DIRECT_OBJC_ISA_USAGE = YES_ERROR;
				CLANG_WARN_DOCUMENTATION_COMMENTS = YES;
				CLANG_WARN_EMPTY_BODY = YES;
				CLANG_WARN_ENUM_CONVERSION = YES;
				CLANG_WARN_INFINITE_RECURSION = YES;
				CLANG_WARN_INT_CONVERSION = YES;
				CLANG_WARN_OBJC_ROOT_CLASS = YES_ERROR;
				CLANG_WARN_SUSPICIOUS_MOVES = YES;
				CLANG_WARN_UNREACHABLE_CODE = YES;
				CLANG_WARN__DUPLICATE_METHOD_MATCH = YES;
				"CODE_SIGN_IDENTITY[sdk=iphoneos*]" = "iPhone Developer";
				COPY_PHASE_STRIP = NO;
				DEBUG_INFORMATION_FORMAT = dwarf;
				ENABLE_STRICT_OBJC_MSGSEND = YES;
				ENABLE_TESTABILITY = YES;
				GCC_C_LANGUAGE_STANDARD = gnu99;
				GCC_DYNAMIC_NO_PIC = NO;
				GCC_NO_COMMON_BLOCKS = YES;
				GCC_OPTIMIZATION_LEVEL = 0;
				GCC_PREPROCESSOR_DEFINITIONS = (
					"DEBUG=1",
					"$(inherited)",
				);
				GCC_WARN_64_TO_32_BIT_CONVERSION = YES;
				GCC_WARN_ABOUT_RETURN_TYPE = YES_ERROR;
				GCC_WARN_UNDECLARED_SELECTOR = YES;
				GCC_WARN_UNINITIALIZED_AUTOS = YES_AGGRESSIVE;
				GCC_WARN_UNUSED_FUNCTION = YES;
				GCC_WARN_UNUSED_VARIABLE = YES;
				IPHONEOS_DEPLOYMENT_TARGET = 10.0;
				MTL_ENABLE_DEBUG_INFO = YES;
				ONLY_ACTIVE_ARCH = YES;
				SDKROOT = iphoneos;
				TARGETED_DEVICE_FAMILY = "1,2";
			};
			name = Debug;
		};
		883BFE011E58553400529577 /* Release */ = {
			isa = XCBuildConfiguration;
			buildSettings = {
				ALWAYS_SEARCH_USER_PATHS = NO;
				CLANG_ANALYZER_NONNULL = YES;
				CLANG_CXX_LANGUAGE_STANDARD = "gnu++0x";
				CLANG_CXX_LIBRARY = "libc++";
				CLANG_ENABLE_MODULES = YES;
				CLANG_ENABLE_OBJC_ARC = YES;
				CLANG_WARN_BOOL_CONVERSION = YES;
				CLANG_WARN_CONSTANT_CONVERSION = YES;
				CLANG_WARN_DIRECT_OBJC_ISA_USAGE = YES_ERROR;
				CLANG_WARN_DOCUMENTATION_COMMENTS = YES;
				CLANG_WARN_EMPTY_BODY = YES;
				CLANG_WARN_ENUM_CONVERSION = YES;
				CLANG_WARN_INFINITE_RECURSION = YES;
				CLANG_WARN_INT_CONVERSION = YES;
				CLANG_WARN_OBJC_ROOT_CLASS = YES_ERROR;
				CLANG_WARN_SUSPICIOUS_MOVES = YES;
				CLANG_WARN_UNREACHABLE_CODE = YES;
				CLANG_WARN__DUPLICATE_METHOD_MATCH = YES;
				"CODE_SIGN_IDENTITY[sdk=iphoneos*]" = "iPhone Developer";
				COPY_PHASE_STRIP = NO;
				DEBUG_INFORMATION_FORMAT = "dwarf-with-dsym";
				ENABLE_NS_ASSERTIONS = NO;
				ENABLE_STRICT_OBJC_MSGSEND = YES;
				GCC_C_LANGUAGE_STANDARD = gnu99;
				GCC_NO_COMMON_BLOCKS = YES;
				GCC_WARN_64_TO_32_BIT_CONVERSION = YES;
				GCC_WARN_ABOUT_RETURN_TYPE = YES_ERROR;
				GCC_WARN_UNDECLARED_SELECTOR = YES;
				GCC_WARN_UNINITIALIZED_AUTOS = YES_AGGRESSIVE;
				GCC_WARN_UNUSED_FUNCTION = YES;
				GCC_WARN_UNUSED_VARIABLE = YES;
				IPHONEOS_DEPLOYMENT_TARGET = 10.0;
				MTL_ENABLE_DEBUG_INFO = NO;
				SDKROOT = iphoneos;
				TARGETED_DEVICE_FAMILY = "1,2";
				VALIDATE_PRODUCT = YES;
			};
			name = Release;
		};
		883BFE031E58553400529577 /* Debug */ = {
			isa = XCBuildConfiguration;
			buildSettings = {
				ASSETCATALOG_COMPILER_APPICON_NAME = AppIcon;
				DEVELOPMENT_TEAM = 69RR73BBGB;
				INFOPLIST_FILE = LocationPicker/Info.plist;
				LD_RUNPATH_SEARCH_PATHS = "$(inherited) @executable_path/Frameworks";
				PRODUCT_BUNDLE_IDENTIFIER = com.Apptology.LocationPicker;
				PRODUCT_NAME = "$(TARGET_NAME)";
			};
			name = Debug;
		};
		883BFE041E58553400529577 /* Release */ = {
			isa = XCBuildConfiguration;
			buildSettings = {
				ASSETCATALOG_COMPILER_APPICON_NAME = AppIcon;
				DEVELOPMENT_TEAM = 69RR73BBGB;
				INFOPLIST_FILE = LocationPicker/Info.plist;
				LD_RUNPATH_SEARCH_PATHS = "$(inherited) @executable_path/Frameworks";
				PRODUCT_BUNDLE_IDENTIFIER = com.Apptology.LocationPicker;
				PRODUCT_NAME = "$(TARGET_NAME)";
			};
			name = Release;
		};
/* End XCBuildConfiguration section */

/* Begin XCConfigurationList section */
		883BFDE61E58553300529577 /* Build configuration list for PBXProject "LocationPicker" */ = {
			isa = XCConfigurationList;
			buildConfigurations = (
				883BFE001E58553400529577 /* Debug */,
				883BFE011E58553400529577 /* Release */,
			);
			defaultConfigurationIsVisible = 0;
			defaultConfigurationName = Release;
		};
		883BFE021E58553400529577 /* Build configuration list for PBXNativeTarget "LocationPicker" */ = {
			isa = XCConfigurationList;
			buildConfigurations = (
				883BFE031E58553400529577 /* Debug */,
				883BFE041E58553400529577 /* Release */,
			);
			defaultConfigurationIsVisible = 0;
		};
/* End XCConfigurationList section */
	};
	rootObject = 883BFDE31E58553300529577 /* Project object */;
}
